
Microsoft Visual Studio Solution File, Format Version 12.00
# Visual Studio Version 17
VisualStudioVersion = 17.0.31903.59
MinimumVisualStudioVersion = 10.0.40219.1
Project("{FAE04EC0-301F-11D3-BF4B-00C04F79EFBC}") = "DateTimes_Soru2", "DateTimes_Soru2\DateTimes_Soru2.csproj", "{4DF7DCB0-3D84-42C2-A0FE-07F8F5C63F9A}"
EndProject
Global
	GlobalSection(SolutionConfigurationPlatforms) = preSolution
		Debug|Any CPU = Debug|Any CPU
		Release|Any CPU = Release|Any CPU
	EndGlobalSection
	GlobalSection(SolutionProperties) = preSolution
		HideSolutionNode = FALSE
	EndGlobalSection
	GlobalSection(ProjectConfigurationPlatforms) = postSolution
		{4DF7DCB0-3D84-42C2-A0FE-07F8F5C63F9A}.Debug|Any CPU.ActiveCfg = Debug|Any CPU
		{4DF7DCB0-3D84-42C2-A0FE-07F8F5C63F9A}.Debug|Any CPU.Build.0 = Debug|Any CPU
		{4DF7DCB0-3D84-42C2-A0FE-07F8F5C63F9A}.Release|Any CPU.ActiveCfg = Release|Any CPU
		{4DF7DCB0-3D84-42C2-A0FE-07F8F5C63F9A}.Release|Any CPU.Build.0 = Release|Any CPU
	EndGlobalSection
EndGlobal
