
Microsoft Visual Studio Solution File, Format Version 12.00
# Visual Studio Version 17
VisualStudioVersion = 17.5.002.0
MinimumVisualStudioVersion = 10.0.40219.1
Project("{9A19103F-16F7-4668-BE54-9A1E7A4F7556}") = "NumberMethods_Soru9", "NumberMethods_Soru9.csproj", "{6306237B-4EBE-4BDF-952D-506B4354FE3E}"
EndProject
Global
	GlobalSection(SolutionConfigurationPlatforms) = preSolution
		Debug|Any CPU = Debug|Any CPU
		Release|Any CPU = Release|Any CPU
	EndGlobalSection
	GlobalSection(ProjectConfigurationPlatforms) = postSolution
		{6306237B-4EBE-4BDF-952D-506B4354FE3E}.Debug|Any CPU.ActiveCfg = Debug|Any CPU
		{6306237B-4EBE-4BDF-952D-506B4354FE3E}.Debug|Any CPU.Build.0 = Debug|Any CPU
		{6306237B-4EBE-4BDF-952D-506B4354FE3E}.Release|Any CPU.ActiveCfg = Release|Any CPU
		{6306237B-4EBE-4BDF-952D-506B4354FE3E}.Release|Any CPU.Build.0 = Release|Any CPU
	EndGlobalSection
	GlobalSection(SolutionProperties) = preSolution
		HideSolutionNode = FALSE
	EndGlobalSection
	GlobalSection(ExtensibilityGlobals) = postSolution
		SolutionGuid = {F929E9DE-4886-4A10-98BA-401786E577F2}
	EndGlobalSection
EndGlobal
