
Microsoft Visual Studio Solution File, Format Version 12.00
# Visual Studio Version 17
VisualStudioVersion = 17.0.31903.59
MinimumVisualStudioVersion = 10.0.40219.1
Project("{FAE04EC0-301F-11D3-BF4B-00C04F79EFBC}") = "NumberMethods_Soru07", "NumberMethods_Soru07\NumberMethods_Soru07.csproj", "{B0B5592A-9B85-4352-8D37-424CD559FC2E}"
EndProject
Global
	GlobalSection(SolutionConfigurationPlatforms) = preSolution
		Debug|Any CPU = Debug|Any CPU
		Release|Any CPU = Release|Any CPU
	EndGlobalSection
	GlobalSection(SolutionProperties) = preSolution
		HideSolutionNode = FALSE
	EndGlobalSection
	GlobalSection(ProjectConfigurationPlatforms) = postSolution
		{B0B5592A-9B85-4352-8D37-424CD559FC2E}.Debug|Any CPU.ActiveCfg = Debug|Any CPU
		{B0B5592A-9B85-4352-8D37-424CD559FC2E}.Debug|Any CPU.Build.0 = Debug|Any CPU
		{B0B5592A-9B85-4352-8D37-424CD559FC2E}.Release|Any CPU.ActiveCfg = Release|Any CPU
		{B0B5592A-9B85-4352-8D37-424CD559FC2E}.Release|Any CPU.Build.0 = Release|Any CPU
	EndGlobalSection
EndGlobal
