
Microsoft Visual Studio Solution File, Format Version 12.00
# Visual Studio Version 17
VisualStudioVersion = 17.0.31903.59
MinimumVisualStudioVersion = 10.0.40219.1
Project("{FAE04EC0-301F-11D3-BF4B-00C04F79EFBC}") = "NumberMethods_Soru04", "NumberMethods_Soru04\NumberMethods_Soru04.csproj", "{384D696A-22E4-44B1-AB66-BB8410F76096}"
EndProject
Global
	GlobalSection(SolutionConfigurationPlatforms) = preSolution
		Debug|Any CPU = Debug|Any CPU
		Release|Any CPU = Release|Any CPU
	EndGlobalSection
	GlobalSection(SolutionProperties) = preSolution
		HideSolutionNode = FALSE
	EndGlobalSection
	GlobalSection(ProjectConfigurationPlatforms) = postSolution
		{384D696A-22E4-44B1-AB66-BB8410F76096}.Debug|Any CPU.ActiveCfg = Debug|Any CPU
		{384D696A-22E4-44B1-AB66-BB8410F76096}.Debug|Any CPU.Build.0 = Debug|Any CPU
		{384D696A-22E4-44B1-AB66-BB8410F76096}.Release|Any CPU.ActiveCfg = Release|Any CPU
		{384D696A-22E4-44B1-AB66-BB8410F76096}.Release|Any CPU.Build.0 = Release|Any CPU
	EndGlobalSection
EndGlobal
