
Microsoft Visual Studio Solution File, Format Version 12.00
# Visual Studio Version 17
VisualStudioVersion = 17.5.002.0
MinimumVisualStudioVersion = 10.0.40219.1
Project("{9A19103F-16F7-4668-BE54-9A1E7A4F7556}") = "ElseIf_soru1", "ElseIf_soru1.csproj", "{86AE9C24-9497-4A5D-A4CA-DE9605A7595D}"
EndProject
Global
	GlobalSection(SolutionConfigurationPlatforms) = preSolution
		Debug|Any CPU = Debug|Any CPU
		Release|Any CPU = Release|Any CPU
	EndGlobalSection
	GlobalSection(ProjectConfigurationPlatforms) = postSolution
		{86AE9C24-9497-4A5D-A4CA-DE9605A7595D}.Debug|Any CPU.ActiveCfg = Debug|Any CPU
		{86AE9C24-9497-4A5D-A4CA-DE9605A7595D}.Debug|Any CPU.Build.0 = Debug|Any CPU
		{86AE9C24-9497-4A5D-A4CA-DE9605A7595D}.Release|Any CPU.ActiveCfg = Release|Any CPU
		{86AE9C24-9497-4A5D-A4CA-DE9605A7595D}.Release|Any CPU.Build.0 = Release|Any CPU
	EndGlobalSection
	GlobalSection(SolutionProperties) = preSolution
		HideSolutionNode = FALSE
	EndGlobalSection
	GlobalSection(ExtensibilityGlobals) = postSolution
		SolutionGuid = {062A054A-C661-4E8B-8763-0796A1C9F249}
	EndGlobalSection
EndGlobal
